// !$*UTF8*$!
{
	archiveVersion = 1;
	classes = {
	};
	objectVersion = 56;
	objects = {

/* Begin PBXBuildFile section */
		140A09842BB6E30C0037AA74 /* F1StatsApp.swift in Sources */ = {isa = PBXBuildFile; fileRef = 140A09832BB6E30C0037AA74 /* F1StatsApp.swift */; };
		140A09862BB6E30C0037AA74 /* ContentView.swift in Sources */ = {isa = PBXBuildFile; fileRef = 140A09852BB6E30C0037AA74 /* ContentView.swift */; };
		140A09882BB6E30D0037AA74 /* Assets.xcassets in Resources */ = {isa = PBXBuildFile; fileRef = 140A09872BB6E30D0037AA74 /* Assets.xcassets */; };
		140A098B2BB6E30D0037AA74 /* Preview Assets.xcassets in Resources */ = {isa = PBXBuildFile; fileRef = 140A098A2BB6E30D0037AA74 /* Preview Assets.xcassets */; };
		142632402BBC80BD00A0A68A /* DesignLanguageSystem.swift in Sources */ = {isa = PBXBuildFile; fileRef = 1426323F2BBC80BD00A0A68A /* DesignLanguageSystem.swift */; };
		142632442BBC8CE900A0A68A /* Extensions+EdgeInsets.swift in Sources */ = {isa = PBXBuildFile; fileRef = 142632432BBC8CE900A0A68A /* Extensions+EdgeInsets.swift */; };
		142C98782BB74225009D1D35 /* APIDrivers.swift in Sources */ = {isa = PBXBuildFile; fileRef = 142C98772BB74225009D1D35 /* APIDrivers.swift */; };
		142C987A2BB743B6009D1D35 /* Config.swift in Sources */ = {isa = PBXBuildFile; fileRef = 142C98792BB743B6009D1D35 /* Config.swift */; };
		142C987F2BB74AAC009D1D35 /* DriverModel.swift in Sources */ = {isa = PBXBuildFile; fileRef = 142C987E2BB74AAC009D1D35 /* DriverModel.swift */; };
		142C98812BB74E5B009D1D35 /* DriversViewModel.swift in Sources */ = {isa = PBXBuildFile; fileRef = 142C98802BB74E5B009D1D35 /* DriversViewModel.swift */; };
		148081DB2BBD28CA00A9A33F /* Extension+Colors.swift in Sources */ = {isa = PBXBuildFile; fileRef = 148081DA2BBD28CA00A9A33F /* Extension+Colors.swift */; };
		148081DF2BBD33B200A9A33F /* NunitoSans-VariableFont.ttf in Resources */ = {isa = PBXBuildFile; fileRef = 148081DD2BBD33B200A9A33F /* NunitoSans-VariableFont.ttf */; };
		148081E52BBD700100A9A33F /* DriverRowViewModel.swift in Sources */ = {isa = PBXBuildFile; fileRef = 148081E42BBD700100A9A33F /* DriverRowViewModel.swift */; };
		148081E72BBD795200A9A33F /* WikipediaAPI.swift in Sources */ = {isa = PBXBuildFile; fileRef = 148081E62BBD795200A9A33F /* WikipediaAPI.swift */; };
		148081E92BBD7C2A00A9A33F /* WikipediaSummaryModel.swift in Sources */ = {isa = PBXBuildFile; fileRef = 148081E82BBD7C2A00A9A33F /* WikipediaSummaryModel.swift */; };
		148081EB2BBD85BB00A9A33F /* WikipediaView.swift in Sources */ = {isa = PBXBuildFile; fileRef = 148081EA2BBD85BB00A9A33F /* WikipediaView.swift */; };
		148081ED2BBD85DC00A9A33F /* WikipediaViewModel.swift in Sources */ = {isa = PBXBuildFile; fileRef = 148081EC2BBD85DC00A9A33F /* WikipediaViewModel.swift */; };
		14920FED2BBE95A300359497 /* DriverStandingModel.swift in Sources */ = {isa = PBXBuildFile; fileRef = 14920FEC2BBE95A300359497 /* DriverStandingModel.swift */; };
		14920FF02BBE9CEC00359497 /* LargeProgressViewModifier.swift in Sources */ = {isa = PBXBuildFile; fileRef = 14920FEF2BBE9CEC00359497 /* LargeProgressViewModifier.swift */; };
		14920FF22BBEA65D00359497 /* ConstructorModel.swift in Sources */ = {isa = PBXBuildFile; fileRef = 14920FF12BBEA65D00359497 /* ConstructorModel.swift */; };
		14920FF62BBEA9B400359497 /* DriverStandingsRowViewModel.swift in Sources */ = {isa = PBXBuildFile; fileRef = 14920FF52BBEA9B400359497 /* DriverStandingsRowViewModel.swift */; };
		14920FF82BBEB9F800359497 /* wikipediaSummary.json in Resources */ = {isa = PBXBuildFile; fileRef = 14920FF72BBEB9F800359497 /* wikipediaSummary.json */; };
		14920FFB2BBEBA1D00359497 /* APIDriversStub.swift in Sources */ = {isa = PBXBuildFile; fileRef = 14920FFA2BBEBA1D00359497 /* APIDriversStub.swift */; };
		14920FFD2BBEBA5600359497 /* WikipediaAPIStub.swift in Sources */ = {isa = PBXBuildFile; fileRef = 14920FFC2BBEBA5600359497 /* WikipediaAPIStub.swift */; };
		149210002BBEBC3F00359497 /* driverStandings.json in Resources */ = {isa = PBXBuildFile; fileRef = 14920FFF2BBEBC3F00359497 /* driverStandings.json */; };
		149210022BBEBF2100359497 /* driverList.json in Resources */ = {isa = PBXBuildFile; fileRef = 149210012BBEBF2100359497 /* driverList.json */; };
		149210042BBEDA1D00359497 /* DriverRowView.swift in Sources */ = {isa = PBXBuildFile; fileRef = 149210032BBEDA1D00359497 /* DriverRowView.swift */; };
		149210062BBEE03C00359497 /* DriverStandingsView.swift in Sources */ = {isa = PBXBuildFile; fileRef = 149210052BBEE03C00359497 /* DriverStandingsView.swift */; };
		1492100A2BBF0CEF00359497 /* CustomDisclosureGroupStyle.swift in Sources */ = {isa = PBXBuildFile; fileRef = 149210092BBF0CEF00359497 /* CustomDisclosureGroupStyle.swift */; };
		149210192BBFF25F00359497 /* DriversViewModelTests.swift in Sources */ = {isa = PBXBuildFile; fileRef = 149210182BBFF25F00359497 /* DriversViewModelTests.swift */; };
		1492101E2BBFFD8B00359497 /* WikipediaViewModelTest.swift in Sources */ = {isa = PBXBuildFile; fileRef = 1492101D2BBFFD8B00359497 /* WikipediaViewModelTest.swift */; };
		149210202BC0010800359497 /* DriverStandingsRowViewModelTest.swift in Sources */ = {isa = PBXBuildFile; fileRef = 1492101F2BC0010800359497 /* DriverStandingsRowViewModelTest.swift */; };
		149210222BC021BA00359497 /* ConstructorsView.swift in Sources */ = {isa = PBXBuildFile; fileRef = 149210212BC021BA00359497 /* ConstructorsView.swift */; };
		149210282BC0222500359497 /* ConstructorsViewModel.swift in Sources */ = {isa = PBXBuildFile; fileRef = 149210272BC0222500359497 /* ConstructorsViewModel.swift */; };
		1492102A2BC0231000359497 /* constructorList.json in Resources */ = {isa = PBXBuildFile; fileRef = 149210292BC0231000359497 /* constructorList.json */; };
		1492102C2BC023EF00359497 /* APIConstructors.swift in Sources */ = {isa = PBXBuildFile; fileRef = 1492102B2BC023EF00359497 /* APIConstructors.swift */; };
		1492102E2BC0243800359497 /* APIConstructorsStub.swift in Sources */ = {isa = PBXBuildFile; fileRef = 1492102D2BC0243800359497 /* APIConstructorsStub.swift */; };
		149210302BC0296700359497 /* ConstructorRowViewModel.swift in Sources */ = {isa = PBXBuildFile; fileRef = 1492102F2BC0296700359497 /* ConstructorRowViewModel.swift */; };
		149210322BC02BAA00359497 /* ConstructorRowView.swift in Sources */ = {isa = PBXBuildFile; fileRef = 149210312BC02BAA00359497 /* ConstructorRowView.swift */; };
		149210342BC02F8A00359497 /* ConstructorStandingsRowView.swift in Sources */ = {isa = PBXBuildFile; fileRef = 149210332BC02F8A00359497 /* ConstructorStandingsRowView.swift */; };
		149210362BC02FB100359497 /* ConstructorStandingsRowViewModel.swift in Sources */ = {isa = PBXBuildFile; fileRef = 149210352BC02FB100359497 /* ConstructorStandingsRowViewModel.swift */; };
		149210382BC030B600359497 /* constructorStandings.json in Resources */ = {isa = PBXBuildFile; fileRef = 149210372BC030B600359497 /* constructorStandings.json */; };
		1492103A2BC0319A00359497 /* ConstructorStandingModel.swift in Sources */ = {isa = PBXBuildFile; fileRef = 149210392BC0319A00359497 /* ConstructorStandingModel.swift */; };
		1492103C2BC0332000359497 /* ConstructorStandingsViewModelTest.swift in Sources */ = {isa = PBXBuildFile; fileRef = 1492103B2BC0332000359497 /* ConstructorStandingsViewModelTest.swift */; };
		1492103E2BC0493300359497 /* StandingsTable.swift in Sources */ = {isa = PBXBuildFile; fileRef = 1492103D2BC0493300359497 /* StandingsTable.swift */; };
		149210402BC06BF600359497 /* ConstructorsViewModelTests.swift in Sources */ = {isa = PBXBuildFile; fileRef = 1492103F2BC06BF600359497 /* ConstructorsViewModelTests.swift */; };
		14B80FFE2BBA86F8006D678E /* DriversView.swift in Sources */ = {isa = PBXBuildFile; fileRef = 14B80FFD2BBA86F8006D678E /* DriversView.swift */; };
		14D79CB42BB8710F006240F0 /* MRData.swift in Sources */ = {isa = PBXBuildFile; fileRef = 14D79CB32BB8710F006240F0 /* MRData.swift */; };
		14D79CB62BB88C92006240F0 /* Extensions+Publisher.swift in Sources */ = {isa = PBXBuildFile; fileRef = 14D79CB52BB88C92006240F0 /* Extensions+Publisher.swift */; };
/* End PBXBuildFile section */

/* Begin PBXContainerItemProxy section */
		149210132BBFD56300359497 /* PBXContainerItemProxy */ = {
			isa = PBXContainerItemProxy;
			containerPortal = 140A09782BB6E30C0037AA74 /* Project object */;
			proxyType = 1;
			remoteGlobalIDString = 140A097F2BB6E30C0037AA74;
			remoteInfo = F1Stats;
		};
/* End PBXContainerItemProxy section */

/* Begin PBXFileReference section */
		140A09802BB6E30C0037AA74 /* F1Stats.app */ = {isa = PBXFileReference; explicitFileType = wrapper.application; includeInIndex = 0; path = F1Stats.app; sourceTree = BUILT_PRODUCTS_DIR; };
		140A09832BB6E30C0037AA74 /* F1StatsApp.swift */ = {isa = PBXFileReference; lastKnownFileType = sourcecode.swift; path = F1StatsApp.swift; sourceTree = "<group>"; };
		140A09852BB6E30C0037AA74 /* ContentView.swift */ = {isa = PBXFileReference; lastKnownFileType = sourcecode.swift; path = ContentView.swift; sourceTree = "<group>"; };
		140A09872BB6E30D0037AA74 /* Assets.xcassets */ = {isa = PBXFileReference; lastKnownFileType = folder.assetcatalog; path = Assets.xcassets; sourceTree = "<group>"; };
		140A098A2BB6E30D0037AA74 /* Preview Assets.xcassets */ = {isa = PBXFileReference; lastKnownFileType = folder.assetcatalog; path = "Preview Assets.xcassets"; sourceTree = "<group>"; };
		1426323F2BBC80BD00A0A68A /* DesignLanguageSystem.swift */ = {isa = PBXFileReference; lastKnownFileType = sourcecode.swift; path = DesignLanguageSystem.swift; sourceTree = "<group>"; };
		142632432BBC8CE900A0A68A /* Extensions+EdgeInsets.swift */ = {isa = PBXFileReference; lastKnownFileType = sourcecode.swift; path = "Extensions+EdgeInsets.swift"; sourceTree = "<group>"; };
		142C98772BB74225009D1D35 /* APIDrivers.swift */ = {isa = PBXFileReference; lastKnownFileType = sourcecode.swift; path = APIDrivers.swift; sourceTree = "<group>"; };
		142C98792BB743B6009D1D35 /* Config.swift */ = {isa = PBXFileReference; lastKnownFileType = sourcecode.swift; path = Config.swift; sourceTree = "<group>"; };
		142C987E2BB74AAC009D1D35 /* DriverModel.swift */ = {isa = PBXFileReference; lastKnownFileType = sourcecode.swift; path = DriverModel.swift; sourceTree = "<group>"; };
		142C98802BB74E5B009D1D35 /* DriversViewModel.swift */ = {isa = PBXFileReference; lastKnownFileType = sourcecode.swift; path = DriversViewModel.swift; sourceTree = "<group>"; };
		142C98822BB751C2009D1D35 /* Info.plist */ = {isa = PBXFileReference; lastKnownFileType = text.plist; path = Info.plist; sourceTree = "<group>"; };
		148081DA2BBD28CA00A9A33F /* Extension+Colors.swift */ = {isa = PBXFileReference; lastKnownFileType = sourcecode.swift; path = "Extension+Colors.swift"; sourceTree = "<group>"; };
		148081DD2BBD33B200A9A33F /* NunitoSans-VariableFont.ttf */ = {isa = PBXFileReference; lastKnownFileType = file; path = "NunitoSans-VariableFont.ttf"; sourceTree = "<group>"; };
		148081E42BBD700100A9A33F /* DriverRowViewModel.swift */ = {isa = PBXFileReference; lastKnownFileType = sourcecode.swift; path = DriverRowViewModel.swift; sourceTree = "<group>"; };
		148081E62BBD795200A9A33F /* WikipediaAPI.swift */ = {isa = PBXFileReference; lastKnownFileType = sourcecode.swift; path = WikipediaAPI.swift; sourceTree = "<group>"; };
		148081E82BBD7C2A00A9A33F /* WikipediaSummaryModel.swift */ = {isa = PBXFileReference; lastKnownFileType = sourcecode.swift; path = WikipediaSummaryModel.swift; sourceTree = "<group>"; };
		148081EA2BBD85BB00A9A33F /* WikipediaView.swift */ = {isa = PBXFileReference; lastKnownFileType = sourcecode.swift; path = WikipediaView.swift; sourceTree = "<group>"; };
		148081EC2BBD85DC00A9A33F /* WikipediaViewModel.swift */ = {isa = PBXFileReference; lastKnownFileType = sourcecode.swift; path = WikipediaViewModel.swift; sourceTree = "<group>"; };
		14920FEC2BBE95A300359497 /* DriverStandingModel.swift */ = {isa = PBXFileReference; lastKnownFileType = sourcecode.swift; path = DriverStandingModel.swift; sourceTree = "<group>"; };
		14920FEF2BBE9CEC00359497 /* LargeProgressViewModifier.swift */ = {isa = PBXFileReference; lastKnownFileType = sourcecode.swift; path = LargeProgressViewModifier.swift; sourceTree = "<group>"; };
		14920FF12BBEA65D00359497 /* ConstructorModel.swift */ = {isa = PBXFileReference; lastKnownFileType = sourcecode.swift; path = ConstructorModel.swift; sourceTree = "<group>"; };
		14920FF52BBEA9B400359497 /* DriverStandingsRowViewModel.swift */ = {isa = PBXFileReference; lastKnownFileType = sourcecode.swift; path = DriverStandingsRowViewModel.swift; sourceTree = "<group>"; };
		14920FF72BBEB9F800359497 /* wikipediaSummary.json */ = {isa = PBXFileReference; lastKnownFileType = text.json; path = wikipediaSummary.json; sourceTree = "<group>"; };
		14920FFA2BBEBA1D00359497 /* APIDriversStub.swift */ = {isa = PBXFileReference; lastKnownFileType = sourcecode.swift; path = APIDriversStub.swift; sourceTree = "<group>"; };
		14920FFC2BBEBA5600359497 /* WikipediaAPIStub.swift */ = {isa = PBXFileReference; lastKnownFileType = sourcecode.swift; path = WikipediaAPIStub.swift; sourceTree = "<group>"; };
		14920FFF2BBEBC3F00359497 /* driverStandings.json */ = {isa = PBXFileReference; lastKnownFileType = text.json; path = driverStandings.json; sourceTree = "<group>"; };
		149210012BBEBF2100359497 /* driverList.json */ = {isa = PBXFileReference; lastKnownFileType = text.json; path = driverList.json; sourceTree = "<group>"; };
		149210032BBEDA1D00359497 /* DriverRowView.swift */ = {isa = PBXFileReference; lastKnownFileType = sourcecode.swift; path = DriverRowView.swift; sourceTree = "<group>"; };
		149210052BBEE03C00359497 /* DriverStandingsView.swift */ = {isa = PBXFileReference; lastKnownFileType = sourcecode.swift; path = DriverStandingsView.swift; sourceTree = "<group>"; };
		149210092BBF0CEF00359497 /* CustomDisclosureGroupStyle.swift */ = {isa = PBXFileReference; lastKnownFileType = sourcecode.swift; path = CustomDisclosureGroupStyle.swift; sourceTree = "<group>"; };
		1492100F2BBFD56300359497 /* F1StatsTests.xctest */ = {isa = PBXFileReference; explicitFileType = wrapper.cfbundle; includeInIndex = 0; path = F1StatsTests.xctest; sourceTree = BUILT_PRODUCTS_DIR; };
		149210182BBFF25F00359497 /* DriversViewModelTests.swift */ = {isa = PBXFileReference; lastKnownFileType = sourcecode.swift; path = DriversViewModelTests.swift; sourceTree = "<group>"; };
		1492101D2BBFFD8B00359497 /* WikipediaViewModelTest.swift */ = {isa = PBXFileReference; lastKnownFileType = sourcecode.swift; path = WikipediaViewModelTest.swift; sourceTree = "<group>"; };
		1492101F2BC0010800359497 /* DriverStandingsRowViewModelTest.swift */ = {isa = PBXFileReference; lastKnownFileType = sourcecode.swift; path = DriverStandingsRowViewModelTest.swift; sourceTree = "<group>"; };
		149210212BC021BA00359497 /* ConstructorsView.swift */ = {isa = PBXFileReference; lastKnownFileType = sourcecode.swift; path = ConstructorsView.swift; sourceTree = "<group>"; };
		149210272BC0222500359497 /* ConstructorsViewModel.swift */ = {isa = PBXFileReference; lastKnownFileType = sourcecode.swift; path = ConstructorsViewModel.swift; sourceTree = "<group>"; };
		149210292BC0231000359497 /* constructorList.json */ = {isa = PBXFileReference; lastKnownFileType = text.json; path = constructorList.json; sourceTree = "<group>"; };
		1492102B2BC023EF00359497 /* APIConstructors.swift */ = {isa = PBXFileReference; lastKnownFileType = sourcecode.swift; path = APIConstructors.swift; sourceTree = "<group>"; };
		1492102D2BC0243800359497 /* APIConstructorsStub.swift */ = {isa = PBXFileReference; lastKnownFileType = sourcecode.swift; path = APIConstructorsStub.swift; sourceTree = "<group>"; };
		1492102F2BC0296700359497 /* ConstructorRowViewModel.swift */ = {isa = PBXFileReference; lastKnownFileType = sourcecode.swift; path = ConstructorRowViewModel.swift; sourceTree = "<group>"; };
		149210312BC02BAA00359497 /* ConstructorRowView.swift */ = {isa = PBXFileReference; lastKnownFileType = sourcecode.swift; path = ConstructorRowView.swift; sourceTree = "<group>"; };
		149210332BC02F8A00359497 /* ConstructorStandingsRowView.swift */ = {isa = PBXFileReference; lastKnownFileType = sourcecode.swift; path = ConstructorStandingsRowView.swift; sourceTree = "<group>"; };
		149210352BC02FB100359497 /* ConstructorStandingsRowViewModel.swift */ = {isa = PBXFileReference; lastKnownFileType = sourcecode.swift; path = ConstructorStandingsRowViewModel.swift; sourceTree = "<group>"; };
		149210372BC030B600359497 /* constructorStandings.json */ = {isa = PBXFileReference; lastKnownFileType = text.json; path = constructorStandings.json; sourceTree = "<group>"; };
		149210392BC0319A00359497 /* ConstructorStandingModel.swift */ = {isa = PBXFileReference; lastKnownFileType = sourcecode.swift; path = ConstructorStandingModel.swift; sourceTree = "<group>"; };
		1492103B2BC0332000359497 /* ConstructorStandingsViewModelTest.swift */ = {isa = PBXFileReference; lastKnownFileType = sourcecode.swift; path = ConstructorStandingsViewModelTest.swift; sourceTree = "<group>"; };
		1492103D2BC0493300359497 /* StandingsTable.swift */ = {isa = PBXFileReference; lastKnownFileType = sourcecode.swift; path = StandingsTable.swift; sourceTree = "<group>"; };
		1492103F2BC06BF600359497 /* ConstructorsViewModelTests.swift */ = {isa = PBXFileReference; lastKnownFileType = sourcecode.swift; path = ConstructorsViewModelTests.swift; sourceTree = "<group>"; };
		14B80FFD2BBA86F8006D678E /* DriversView.swift */ = {isa = PBXFileReference; lastKnownFileType = sourcecode.swift; path = DriversView.swift; sourceTree = "<group>"; };
		14D79CB32BB8710F006240F0 /* MRData.swift */ = {isa = PBXFileReference; lastKnownFileType = sourcecode.swift; path = MRData.swift; sourceTree = "<group>"; };
		14D79CB52BB88C92006240F0 /* Extensions+Publisher.swift */ = {isa = PBXFileReference; lastKnownFileType = sourcecode.swift; path = "Extensions+Publisher.swift"; sourceTree = "<group>"; };
/* End PBXFileReference section */

/* Begin PBXFrameworksBuildPhase section */
		140A097D2BB6E30C0037AA74 /* Frameworks */ = {
			isa = PBXFrameworksBuildPhase;
			buildActionMask = 2147483647;
			files = (
			);
			runOnlyForDeploymentPostprocessing = 0;
		};
		1492100C2BBFD56300359497 /* Frameworks */ = {
			isa = PBXFrameworksBuildPhase;
			buildActionMask = 2147483647;
			files = (
			);
			runOnlyForDeploymentPostprocessing = 0;
		};
/* End PBXFrameworksBuildPhase section */

/* Begin PBXGroup section */
		140A09772BB6E30C0037AA74 = {
			isa = PBXGroup;
			children = (
				140A09822BB6E30C0037AA74 /* F1Stats */,
				149210102BBFD56300359497 /* F1StatsTests */,
				140A09812BB6E30C0037AA74 /* Products */,
			);
			sourceTree = "<group>";
		};
		140A09812BB6E30C0037AA74 /* Products */ = {
			isa = PBXGroup;
			children = (
				140A09802BB6E30C0037AA74 /* F1Stats.app */,
				1492100F2BBFD56300359497 /* F1StatsTests.xctest */,
			);
			name = Products;
			sourceTree = "<group>";
		};
		140A09822BB6E30C0037AA74 /* F1Stats */ = {
			isa = PBXGroup;
			children = (
				142C98822BB751C2009D1D35 /* Info.plist */,
				142C98792BB743B6009D1D35 /* Config.swift */,
				140A09832BB6E30C0037AA74 /* F1StatsApp.swift */,
				140A09872BB6E30D0037AA74 /* Assets.xcassets */,
				14D79CB72BB88CA3006240F0 /* Extensions */,
				1426323C2BBC3D4F00A0A68A /* Fonts */,
				142C98762BB7057B009D1D35 /* Models */,
				140A09892BB6E30D0037AA74 /* Preview Content */,
				142C98752BB70568009D1D35 /* Service */,
				148081D92BBD28B700A9A33F /* Styling */,
				142C98732BB70557009D1D35 /* ViewModels */,
				142C98742BB70561009D1D35 /* Views */,
			);
			path = F1Stats;
			sourceTree = "<group>";
		};
		140A09892BB6E30D0037AA74 /* Preview Content */ = {
			isa = PBXGroup;
			children = (
				140A098A2BB6E30D0037AA74 /* Preview Assets.xcassets */,
			);
			path = "Preview Content";
			sourceTree = "<group>";
		};
		1426323C2BBC3D4F00A0A68A /* Fonts */ = {
			isa = PBXGroup;
			children = (
				148081DD2BBD33B200A9A33F /* NunitoSans-VariableFont.ttf */,
			);
			path = Fonts;
			sourceTree = "<group>";
		};
		142C98732BB70557009D1D35 /* ViewModels */ = {
			isa = PBXGroup;
			children = (
				149210262BC0221500359497 /* Constructors */,
				149210252BC0220B00359497 /* Drivers */,
				148081EC2BBD85DC00A9A33F /* WikipediaViewModel.swift */,
			);
			path = ViewModels;
			sourceTree = "<group>";
		};
		142C98742BB70561009D1D35 /* Views */ = {
			isa = PBXGroup;
			children = (
				149210242BC021E900359497 /* Constructors */,
				149210232BC021DB00359497 /* Drivers */,
				140A09852BB6E30C0037AA74 /* ContentView.swift */,
				148081EA2BBD85BB00A9A33F /* WikipediaView.swift */,
			);
			path = Views;
			sourceTree = "<group>";
		};
		142C98752BB70568009D1D35 /* Service */ = {
			isa = PBXGroup;
			children = (
				14920FF92BBEBA0E00359497 /* Stubs */,
				142C98772BB74225009D1D35 /* APIDrivers.swift */,
				148081E62BBD795200A9A33F /* WikipediaAPI.swift */,
				1492102B2BC023EF00359497 /* APIConstructors.swift */,
			);
			path = Service;
			sourceTree = "<group>";
		};
		142C98762BB7057B009D1D35 /* Models */ = {
			isa = PBXGroup;
			children = (
				142C987E2BB74AAC009D1D35 /* DriverModel.swift */,
				14D79CB32BB8710F006240F0 /* MRData.swift */,
				148081E82BBD7C2A00A9A33F /* WikipediaSummaryModel.swift */,
				14920FEC2BBE95A300359497 /* DriverStandingModel.swift */,
				14920FF12BBEA65D00359497 /* ConstructorModel.swift */,
				149210392BC0319A00359497 /* ConstructorStandingModel.swift */,
				1492103D2BC0493300359497 /* StandingsTable.swift */,
			);
			path = Models;
			sourceTree = "<group>";
		};
		148081D92BBD28B700A9A33F /* Styling */ = {
			isa = PBXGroup;
			children = (
				14920FEE2BBE9CE000359497 /* Components */,
				1426323F2BBC80BD00A0A68A /* DesignLanguageSystem.swift */,
			);
			path = Styling;
			sourceTree = "<group>";
		};
		14920FEE2BBE9CE000359497 /* Components */ = {
			isa = PBXGroup;
			children = (
				14920FEF2BBE9CEC00359497 /* LargeProgressViewModifier.swift */,
				149210092BBF0CEF00359497 /* CustomDisclosureGroupStyle.swift */,
			);
			path = Components;
			sourceTree = "<group>";
		};
		14920FF92BBEBA0E00359497 /* Stubs */ = {
			isa = PBXGroup;
			children = (
				14920FFE2BBEBA6A00359497 /* jsons */,
				14920FFA2BBEBA1D00359497 /* APIDriversStub.swift */,
				14920FFC2BBEBA5600359497 /* WikipediaAPIStub.swift */,
				1492102D2BC0243800359497 /* APIConstructorsStub.swift */,
			);
			path = Stubs;
			sourceTree = "<group>";
		};
		14920FFE2BBEBA6A00359497 /* jsons */ = {
			isa = PBXGroup;
			children = (
				14920FF72BBEB9F800359497 /* wikipediaSummary.json */,
				14920FFF2BBEBC3F00359497 /* driverStandings.json */,
				149210012BBEBF2100359497 /* driverList.json */,
				149210292BC0231000359497 /* constructorList.json */,
				149210372BC030B600359497 /* constructorStandings.json */,
			);
			path = jsons;
			sourceTree = "<group>";
		};
		149210102BBFD56300359497 /* F1StatsTests */ = {
			isa = PBXGroup;
			children = (
				1492101A2BBFFD4B00359497 /* ViewModelTests */,
			);
			path = F1StatsTests;
			sourceTree = "<group>";
		};
		1492101A2BBFFD4B00359497 /* ViewModelTests */ = {
			isa = PBXGroup;
			children = (
				149210182BBFF25F00359497 /* DriversViewModelTests.swift */,
				1492101D2BBFFD8B00359497 /* WikipediaViewModelTest.swift */,
				1492101F2BC0010800359497 /* DriverStandingsRowViewModelTest.swift */,
				1492103B2BC0332000359497 /* ConstructorStandingsViewModelTest.swift */,
				1492103F2BC06BF600359497 /* ConstructorsViewModelTests.swift */,
			);
			path = ViewModelTests;
			sourceTree = "<group>";
		};
		149210232BC021DB00359497 /* Drivers */ = {
			isa = PBXGroup;
			children = (
				14B80FFD2BBA86F8006D678E /* DriversView.swift */,
				149210032BBEDA1D00359497 /* DriverRowView.swift */,
				149210052BBEE03C00359497 /* DriverStandingsView.swift */,
			);
			path = Drivers;
			sourceTree = "<group>";
		};
		149210242BC021E900359497 /* Constructors */ = {
			isa = PBXGroup;
			children = (
				149210212BC021BA00359497 /* ConstructorsView.swift */,
				149210312BC02BAA00359497 /* ConstructorRowView.swift */,
				149210332BC02F8A00359497 /* ConstructorStandingsRowView.swift */,
			);
			path = Constructors;
			sourceTree = "<group>";
		};
		149210252BC0220B00359497 /* Drivers */ = {
			isa = PBXGroup;
			children = (
				142C98802BB74E5B009D1D35 /* DriversViewModel.swift */,
				148081E42BBD700100A9A33F /* DriverRowViewModel.swift */,
				14920FF52BBEA9B400359497 /* DriverStandingsRowViewModel.swift */,
			);
			path = Drivers;
			sourceTree = "<group>";
		};
		149210262BC0221500359497 /* Constructors */ = {
			isa = PBXGroup;
			children = (
				149210272BC0222500359497 /* ConstructorsViewModel.swift */,
				1492102F2BC0296700359497 /* ConstructorRowViewModel.swift */,
				149210352BC02FB100359497 /* ConstructorStandingsRowViewModel.swift */,
			);
			path = Constructors;
			sourceTree = "<group>";
		};
		14D79CB72BB88CA3006240F0 /* Extensions */ = {
			isa = PBXGroup;
			children = (
				148081DA2BBD28CA00A9A33F /* Extension+Colors.swift */,
				14D79CB52BB88C92006240F0 /* Extensions+Publisher.swift */,
				142632432BBC8CE900A0A68A /* Extensions+EdgeInsets.swift */,
			);
			path = Extensions;
			sourceTree = "<group>";
		};
/* End PBXGroup section */

/* Begin PBXNativeTarget section */
		140A097F2BB6E30C0037AA74 /* F1Stats */ = {
			isa = PBXNativeTarget;
			buildConfigurationList = 140A098E2BB6E30D0037AA74 /* Build configuration list for PBXNativeTarget "F1Stats" */;
			buildPhases = (
				140A097C2BB6E30C0037AA74 /* Sources */,
				140A097D2BB6E30C0037AA74 /* Frameworks */,
				140A097E2BB6E30C0037AA74 /* Resources */,
			);
			buildRules = (
			);
			dependencies = (
			);
			name = F1Stats;
			packageProductDependencies = (
			);
			productName = F1Stats;
			productReference = 140A09802BB6E30C0037AA74 /* F1Stats.app */;
			productType = "com.apple.product-type.application";
		};
		1492100E2BBFD56300359497 /* F1StatsTests */ = {
			isa = PBXNativeTarget;
			buildConfigurationList = 149210172BBFD56300359497 /* Build configuration list for PBXNativeTarget "F1StatsTests" */;
			buildPhases = (
				1492100B2BBFD56300359497 /* Sources */,
				1492100C2BBFD56300359497 /* Frameworks */,
				1492100D2BBFD56300359497 /* Resources */,
			);
			buildRules = (
			);
			dependencies = (
				149210142BBFD56300359497 /* PBXTargetDependency */,
			);
			name = F1StatsTests;
			productName = F1StatsTests;
			productReference = 1492100F2BBFD56300359497 /* F1StatsTests.xctest */;
			productType = "com.apple.product-type.bundle.unit-test";
		};
/* End PBXNativeTarget section */

/* Begin PBXProject section */
		140A09782BB6E30C0037AA74 /* Project object */ = {
			isa = PBXProject;
			attributes = {
				BuildIndependentTargetsInParallel = 1;
				LastSwiftUpdateCheck = 1530;
				LastUpgradeCheck = 1530;
				TargetAttributes = {
					140A097F2BB6E30C0037AA74 = {
						CreatedOnToolsVersion = 15.3;
					};
					1492100E2BBFD56300359497 = {
						CreatedOnToolsVersion = 15.3;
						TestTargetID = 140A097F2BB6E30C0037AA74;
					};
				};
			};
			buildConfigurationList = 140A097B2BB6E30C0037AA74 /* Build configuration list for PBXProject "F1Stats" */;
			compatibilityVersion = "Xcode 14.0";
			developmentRegion = en;
			hasScannedForEncodings = 0;
			knownRegions = (
				en,
				Base,
			);
			mainGroup = 140A09772BB6E30C0037AA74;
			packageReferences = (
			);
			productRefGroup = 140A09812BB6E30C0037AA74 /* Products */;
			projectDirPath = "";
			projectRoot = "";
			targets = (
				140A097F2BB6E30C0037AA74 /* F1Stats */,
				1492100E2BBFD56300359497 /* F1StatsTests */,
			);
		};
/* End PBXProject section */

/* Begin PBXResourcesBuildPhase section */
		140A097E2BB6E30C0037AA74 /* Resources */ = {
			isa = PBXResourcesBuildPhase;
			buildActionMask = 2147483647;
			files = (
				140A098B2BB6E30D0037AA74 /* Preview Assets.xcassets in Resources */,
				149210002BBEBC3F00359497 /* driverStandings.json in Resources */,
				149210382BC030B600359497 /* constructorStandings.json in Resources */,
				140A09882BB6E30D0037AA74 /* Assets.xcassets in Resources */,
				149210022BBEBF2100359497 /* driverList.json in Resources */,
				14920FF82BBEB9F800359497 /* wikipediaSummary.json in Resources */,
				148081DF2BBD33B200A9A33F /* NunitoSans-VariableFont.ttf in Resources */,
				1492102A2BC0231000359497 /* constructorList.json in Resources */,
			);
			runOnlyForDeploymentPostprocessing = 0;
		};
		1492100D2BBFD56300359497 /* Resources */ = {
			isa = PBXResourcesBuildPhase;
			buildActionMask = 2147483647;
			files = (
			);
			runOnlyForDeploymentPostprocessing = 0;
		};
/* End PBXResourcesBuildPhase section */

/* Begin PBXSourcesBuildPhase section */
		140A097C2BB6E30C0037AA74 /* Sources */ = {
			isa = PBXSourcesBuildPhase;
			buildActionMask = 2147483647;
			files = (
				149210062BBEE03C00359497 /* DriverStandingsView.swift in Sources */,
				142C987F2BB74AAC009D1D35 /* DriverModel.swift in Sources */,
				148081ED2BBD85DC00A9A33F /* WikipediaViewModel.swift in Sources */,
				149210362BC02FB100359497 /* ConstructorStandingsRowViewModel.swift in Sources */,
				14920FF62BBEA9B400359497 /* DriverStandingsRowViewModel.swift in Sources */,
				1492100A2BBF0CEF00359497 /* CustomDisclosureGroupStyle.swift in Sources */,
				148081EB2BBD85BB00A9A33F /* WikipediaView.swift in Sources */,
				149210302BC0296700359497 /* ConstructorRowViewModel.swift in Sources */,
				140A09862BB6E30C0037AA74 /* ContentView.swift in Sources */,
				148081E52BBD700100A9A33F /* DriverRowViewModel.swift in Sources */,
				149210042BBEDA1D00359497 /* DriverRowView.swift in Sources */,
				142632402BBC80BD00A0A68A /* DesignLanguageSystem.swift in Sources */,
				14D79CB42BB8710F006240F0 /* MRData.swift in Sources */,
				149210322BC02BAA00359497 /* ConstructorRowView.swift in Sources */,
				14D79CB62BB88C92006240F0 /* Extensions+Publisher.swift in Sources */,
				149210222BC021BA00359497 /* ConstructorsView.swift in Sources */,
				1492102C2BC023EF00359497 /* APIConstructors.swift in Sources */,
				148081E92BBD7C2A00A9A33F /* WikipediaSummaryModel.swift in Sources */,
				1492103E2BC0493300359497 /* StandingsTable.swift in Sources */,
				148081DB2BBD28CA00A9A33F /* Extension+Colors.swift in Sources */,
				14B80FFE2BBA86F8006D678E /* DriversView.swift in Sources */,
				149210342BC02F8A00359497 /* ConstructorStandingsRowView.swift in Sources */,
				14920FED2BBE95A300359497 /* DriverStandingModel.swift in Sources */,
				142C98812BB74E5B009D1D35 /* DriversViewModel.swift in Sources */,
				14920FFD2BBEBA5600359497 /* WikipediaAPIStub.swift in Sources */,
				142C987A2BB743B6009D1D35 /* Config.swift in Sources */,
				142632442BBC8CE900A0A68A /* Extensions+EdgeInsets.swift in Sources */,
				14920FFB2BBEBA1D00359497 /* APIDriversStub.swift in Sources */,
				142C98782BB74225009D1D35 /* APIDrivers.swift in Sources */,
				14920FF02BBE9CEC00359497 /* LargeProgressViewModifier.swift in Sources */,
				148081E72BBD795200A9A33F /* WikipediaAPI.swift in Sources */,
				14920FF22BBEA65D00359497 /* ConstructorModel.swift in Sources */,
				140A09842BB6E30C0037AA74 /* F1StatsApp.swift in Sources */,
				149210282BC0222500359497 /* ConstructorsViewModel.swift in Sources */,
				1492102E2BC0243800359497 /* APIConstructorsStub.swift in Sources */,
				1492103A2BC0319A00359497 /* ConstructorStandingModel.swift in Sources */,
			);
			runOnlyForDeploymentPostprocessing = 0;
		};
		1492100B2BBFD56300359497 /* Sources */ = {
			isa = PBXSourcesBuildPhase;
			buildActionMask = 2147483647;
			files = (
				149210192BBFF25F00359497 /* DriversViewModelTests.swift in Sources */,
				149210402BC06BF600359497 /* ConstructorsViewModelTests.swift in Sources */,
				1492101E2BBFFD8B00359497 /* WikipediaViewModelTest.swift in Sources */,
				149210202BC0010800359497 /* DriverStandingsRowViewModelTest.swift in Sources */,
				1492103C2BC0332000359497 /* ConstructorStandingsViewModelTest.swift in Sources */,
			);
			runOnlyForDeploymentPostprocessing = 0;
		};
/* End PBXSourcesBuildPhase section */

/* Begin PBXTargetDependency section */
		149210142BBFD56300359497 /* PBXTargetDependency */ = {
			isa = PBXTargetDependency;
			target = 140A097F2BB6E30C0037AA74 /* F1Stats */;
			targetProxy = 149210132BBFD56300359497 /* PBXContainerItemProxy */;
		};
/* End PBXTargetDependency section */

/* Begin XCBuildConfiguration section */
		140A098C2BB6E30D0037AA74 /* Debug */ = {
			isa = XCBuildConfiguration;
			buildSettings = {
				ALWAYS_SEARCH_USER_PATHS = NO;
				ASSETCATALOG_COMPILER_GENERATE_SWIFT_ASSET_SYMBOL_EXTENSIONS = YES;
				CLANG_ANALYZER_NONNULL = YES;
				CLANG_ANALYZER_NUMBER_OBJECT_CONVERSION = YES_AGGRESSIVE;
				CLANG_CXX_LANGUAGE_STANDARD = "gnu++20";
				CLANG_ENABLE_MODULES = YES;
				CLANG_ENABLE_OBJC_ARC = YES;
				CLANG_ENABLE_OBJC_WEAK = YES;
				CLANG_WARN_BLOCK_CAPTURE_AUTORELEASING = YES;
				CLANG_WARN_BOOL_CONVERSION = YES;
				CLANG_WARN_COMMA = YES;
				CLANG_WARN_CONSTANT_CONVERSION = YES;
				CLANG_WARN_DEPRECATED_OBJC_IMPLEMENTATIONS = YES;
				CLANG_WARN_DIRECT_OBJC_ISA_USAGE = YES_ERROR;
				CLANG_WARN_DOCUMENTATION_COMMENTS = YES;
				CLANG_WARN_EMPTY_BODY = YES;
				CLANG_WARN_ENUM_CONVERSION = YES;
				CLANG_WARN_INFINITE_RECURSION = YES;
				CLANG_WARN_INT_CONVERSION = YES;
				CLANG_WARN_NON_LITERAL_NULL_CONVERSION = YES;
				CLANG_WARN_OBJC_IMPLICIT_RETAIN_SELF = YES;
				CLANG_WARN_OBJC_LITERAL_CONVERSION = YES;
				CLANG_WARN_OBJC_ROOT_CLASS = YES_ERROR;
				CLANG_WARN_QUOTED_INCLUDE_IN_FRAMEWORK_HEADER = YES;
				CLANG_WARN_RANGE_LOOP_ANALYSIS = YES;
				CLANG_WARN_STRICT_PROTOTYPES = YES;
				CLANG_WARN_SUSPICIOUS_MOVE = YES;
				CLANG_WARN_UNGUARDED_AVAILABILITY = YES_AGGRESSIVE;
				CLANG_WARN_UNREACHABLE_CODE = YES;
				CLANG_WARN__DUPLICATE_METHOD_MATCH = YES;
				COPY_PHASE_STRIP = NO;
				DEBUG_INFORMATION_FORMAT = dwarf;
				ENABLE_STRICT_OBJC_MSGSEND = YES;
				ENABLE_TESTABILITY = YES;
				ENABLE_USER_SCRIPT_SANDBOXING = YES;
				GCC_C_LANGUAGE_STANDARD = gnu17;
				GCC_DYNAMIC_NO_PIC = NO;
				GCC_NO_COMMON_BLOCKS = YES;
				GCC_OPTIMIZATION_LEVEL = 0;
				GCC_PREPROCESSOR_DEFINITIONS = (
					"DEBUG=1",
					"$(inherited)",
				);
				GCC_WARN_64_TO_32_BIT_CONVERSION = YES;
				GCC_WARN_ABOUT_RETURN_TYPE = YES_ERROR;
				GCC_WARN_UNDECLARED_SELECTOR = YES;
				GCC_WARN_UNINITIALIZED_AUTOS = YES_AGGRESSIVE;
				GCC_WARN_UNUSED_FUNCTION = YES;
				GCC_WARN_UNUSED_VARIABLE = YES;
				IPHONEOS_DEPLOYMENT_TARGET = 17.4;
				LOCALIZATION_PREFERS_STRING_CATALOGS = YES;
				MTL_ENABLE_DEBUG_INFO = INCLUDE_SOURCE;
				MTL_FAST_MATH = YES;
				ONLY_ACTIVE_ARCH = YES;
				SDKROOT = iphoneos;
				SWIFT_ACTIVE_COMPILATION_CONDITIONS = "DEBUG $(inherited)";
				SWIFT_OPTIMIZATION_LEVEL = "-Onone";
			};
			name = Debug;
		};
		140A098D2BB6E30D0037AA74 /* Release */ = {
			isa = XCBuildConfiguration;
			buildSettings = {
				ALWAYS_SEARCH_USER_PATHS = NO;
				ASSETCATALOG_COMPILER_GENERATE_SWIFT_ASSET_SYMBOL_EXTENSIONS = YES;
				CLANG_ANALYZER_NONNULL = YES;
				CLANG_ANALYZER_NUMBER_OBJECT_CONVERSION = YES_AGGRESSIVE;
				CLANG_CXX_LANGUAGE_STANDARD = "gnu++20";
				CLANG_ENABLE_MODULES = YES;
				CLANG_ENABLE_OBJC_ARC = YES;
				CLANG_ENABLE_OBJC_WEAK = YES;
				CLANG_WARN_BLOCK_CAPTURE_AUTORELEASING = YES;
				CLANG_WARN_BOOL_CONVERSION = YES;
				CLANG_WARN_COMMA = YES;
				CLANG_WARN_CONSTANT_CONVERSION = YES;
				CLANG_WARN_DEPRECATED_OBJC_IMPLEMENTATIONS = YES;
				CLANG_WARN_DIRECT_OBJC_ISA_USAGE = YES_ERROR;
				CLANG_WARN_DOCUMENTATION_COMMENTS = YES;
				CLANG_WARN_EMPTY_BODY = YES;
				CLANG_WARN_ENUM_CONVERSION = YES;
				CLANG_WARN_INFINITE_RECURSION = YES;
				CLANG_WARN_INT_CONVERSION = YES;
				CLANG_WARN_NON_LITERAL_NULL_CONVERSION = YES;
				CLANG_WARN_OBJC_IMPLICIT_RETAIN_SELF = YES;
				CLANG_WARN_OBJC_LITERAL_CONVERSION = YES;
				CLANG_WARN_OBJC_ROOT_CLASS = YES_ERROR;
				CLANG_WARN_QUOTED_INCLUDE_IN_FRAMEWORK_HEADER = YES;
				CLANG_WARN_RANGE_LOOP_ANALYSIS = YES;
				CLANG_WARN_STRICT_PROTOTYPES = YES;
				CLANG_WARN_SUSPICIOUS_MOVE = YES;
				CLANG_WARN_UNGUARDED_AVAILABILITY = YES_AGGRESSIVE;
				CLANG_WARN_UNREACHABLE_CODE = YES;
				CLANG_WARN__DUPLICATE_METHOD_MATCH = YES;
				COPY_PHASE_STRIP = NO;
				DEBUG_INFORMATION_FORMAT = "dwarf-with-dsym";
				ENABLE_NS_ASSERTIONS = NO;
				ENABLE_STRICT_OBJC_MSGSEND = YES;
				ENABLE_USER_SCRIPT_SANDBOXING = YES;
				GCC_C_LANGUAGE_STANDARD = gnu17;
				GCC_NO_COMMON_BLOCKS = YES;
				GCC_WARN_64_TO_32_BIT_CONVERSION = YES;
				GCC_WARN_ABOUT_RETURN_TYPE = YES_ERROR;
				GCC_WARN_UNDECLARED_SELECTOR = YES;
				GCC_WARN_UNINITIALIZED_AUTOS = YES_AGGRESSIVE;
				GCC_WARN_UNUSED_FUNCTION = YES;
				GCC_WARN_UNUSED_VARIABLE = YES;
				IPHONEOS_DEPLOYMENT_TARGET = 17.4;
				LOCALIZATION_PREFERS_STRING_CATALOGS = YES;
				MTL_ENABLE_DEBUG_INFO = NO;
				MTL_FAST_MATH = YES;
				SDKROOT = iphoneos;
				SWIFT_COMPILATION_MODE = wholemodule;
				VALIDATE_PRODUCT = YES;
			};
			name = Release;
		};
		140A098F2BB6E30D0037AA74 /* Debug */ = {
			isa = XCBuildConfiguration;
			buildSettings = {
				ASSETCATALOG_COMPILER_APPICON_NAME = AppIcon;
				ASSETCATALOG_COMPILER_GLOBAL_ACCENT_COLOR_NAME = AccentColor;
				CODE_SIGN_STYLE = Automatic;
				CURRENT_PROJECT_VERSION = 1;
				DEVELOPMENT_ASSET_PATHS = "\"F1Stats/Preview Content\"";
				ENABLE_PREVIEWS = YES;
				GENERATE_INFOPLIST_FILE = YES;
				INFOPLIST_FILE = F1Stats/Info.plist;
				INFOPLIST_KEY_UIApplicationSceneManifest_Generation = YES;
				INFOPLIST_KEY_UIApplicationSupportsIndirectInputEvents = YES;
				INFOPLIST_KEY_UILaunchScreen_Generation = YES;
				INFOPLIST_KEY_UISupportedInterfaceOrientations_iPad = "UIInterfaceOrientationPortrait UIInterfaceOrientationPortraitUpsideDown UIInterfaceOrientationLandscapeLeft UIInterfaceOrientationLandscapeRight";
				INFOPLIST_KEY_UISupportedInterfaceOrientations_iPhone = "UIInterfaceOrientationPortrait UIInterfaceOrientationLandscapeLeft UIInterfaceOrientationLandscapeRight";
				LD_RUNPATH_SEARCH_PATHS = (
					"$(inherited)",
					"@executable_path/Frameworks",
				);
				MARKETING_VERSION = 1.0;
				PRODUCT_BUNDLE_IDENTIFIER = com.gcarvalho.F1Stats;
				PRODUCT_NAME = "$(TARGET_NAME)";
				SWIFT_EMIT_LOC_STRINGS = YES;
				SWIFT_VERSION = 5.0;
				TARGETED_DEVICE_FAMILY = "1,2";
			};
			name = Debug;
		};
		140A09902BB6E30D0037AA74 /* Release */ = {
			isa = XCBuildConfiguration;
			buildSettings = {
				ASSETCATALOG_COMPILER_APPICON_NAME = AppIcon;
				ASSETCATALOG_COMPILER_GLOBAL_ACCENT_COLOR_NAME = AccentColor;
				CODE_SIGN_STYLE = Automatic;
				CURRENT_PROJECT_VERSION = 1;
				DEVELOPMENT_ASSET_PATHS = "\"F1Stats/Preview Content\"";
				ENABLE_PREVIEWS = YES;
				GENERATE_INFOPLIST_FILE = YES;
				INFOPLIST_FILE = F1Stats/Info.plist;
				INFOPLIST_KEY_UIApplicationSceneManifest_Generation = YES;
				INFOPLIST_KEY_UIApplicationSupportsIndirectInputEvents = YES;
				INFOPLIST_KEY_UILaunchScreen_Generation = YES;
				INFOPLIST_KEY_UISupportedInterfaceOrientations_iPad = "UIInterfaceOrientationPortrait UIInterfaceOrientationPortraitUpsideDown UIInterfaceOrientationLandscapeLeft UIInterfaceOrientationLandscapeRight";
				INFOPLIST_KEY_UISupportedInterfaceOrientations_iPhone = "UIInterfaceOrientationPortrait UIInterfaceOrientationLandscapeLeft UIInterfaceOrientationLandscapeRight";
				LD_RUNPATH_SEARCH_PATHS = (
					"$(inherited)",
					"@executable_path/Frameworks",
				);
				MARKETING_VERSION = 1.0;
				PRODUCT_BUNDLE_IDENTIFIER = com.gcarvalho.F1Stats;
				PRODUCT_NAME = "$(TARGET_NAME)";
				SWIFT_EMIT_LOC_STRINGS = YES;
				SWIFT_VERSION = 5.0;
				TARGETED_DEVICE_FAMILY = "1,2";
			};
			name = Release;
		};
		149210152BBFD56300359497 /* Debug */ = {
			isa = XCBuildConfiguration;
			buildSettings = {
				BUNDLE_LOADER = "$(TEST_HOST)";
				CODE_SIGN_STYLE = Automatic;
				CURRENT_PROJECT_VERSION = 1;
				GENERATE_INFOPLIST_FILE = YES;
				MARKETING_VERSION = 1.0;
				PRODUCT_BUNDLE_IDENTIFIER = com.gcarvalho.F1StatsTests;
				PRODUCT_NAME = "$(TARGET_NAME)";
				SWIFT_EMIT_LOC_STRINGS = NO;
				SWIFT_VERSION = 5.0;
				TARGETED_DEVICE_FAMILY = "1,2";
				TEST_HOST = "$(BUILT_PRODUCTS_DIR)/F1Stats.app/$(BUNDLE_EXECUTABLE_FOLDER_PATH)/F1Stats";
			};
			name = Debug;
		};
		149210162BBFD56300359497 /* Release */ = {
			isa = XCBuildConfiguration;
			buildSettings = {
				BUNDLE_LOADER = "$(TEST_HOST)";
				CODE_SIGN_STYLE = Automatic;
				CURRENT_PROJECT_VERSION = 1;
				GENERATE_INFOPLIST_FILE = YES;
				MARKETING_VERSION = 1.0;
				PRODUCT_BUNDLE_IDENTIFIER = com.gcarvalho.F1StatsTests;
				PRODUCT_NAME = "$(TARGET_NAME)";
				SWIFT_EMIT_LOC_STRINGS = NO;
				SWIFT_VERSION = 5.0;
				TARGETED_DEVICE_FAMILY = "1,2";
				TEST_HOST = "$(BUILT_PRODUCTS_DIR)/F1Stats.app/$(BUNDLE_EXECUTABLE_FOLDER_PATH)/F1Stats";
			};
			name = Release;
		};
/* End XCBuildConfiguration section */

/* Begin XCConfigurationList section */
		140A097B2BB6E30C0037AA74 /* Build configuration list for PBXProject "F1Stats" */ = {
			isa = XCConfigurationList;
			buildConfigurations = (
				140A098C2BB6E30D0037AA74 /* Debug */,
				140A098D2BB6E30D0037AA74 /* Release */,
			);
			defaultConfigurationIsVisible = 0;
			defaultConfigurationName = Release;
		};
		140A098E2BB6E30D0037AA74 /* Build configuration list for PBXNativeTarget "F1Stats" */ = {
			isa = XCConfigurationList;
			buildConfigurations = (
				140A098F2BB6E30D0037AA74 /* Debug */,
				140A09902BB6E30D0037AA74 /* Release */,
			);
			defaultConfigurationIsVisible = 0;
			defaultConfigurationName = Release;
		};
		149210172BBFD56300359497 /* Build configuration list for PBXNativeTarget "F1StatsTests" */ = {
			isa = XCConfigurationList;
			buildConfigurations = (
				149210152BBFD56300359497 /* Debug */,
				149210162BBFD56300359497 /* Release */,
			);
			defaultConfigurationIsVisible = 0;
			defaultConfigurationName = Release;
		};
/* End XCConfigurationList section */
	};
	rootObject = 140A09782BB6E30C0037AA74 /* Project object */;
}
