// !$*UTF8*$!
{
	archiveVersion = 1;
	classes = {
	};
	objectVersion = 56;
	objects = {

/* Begin PBXBuildFile section */
		140A09842BB6E30C0037AA74 /* F1StatsApp.swift in Sources */ = {isa = PBXBuildFile; fileRef = 140A09832BB6E30C0037AA74 /* F1StatsApp.swift */; };
		140A09862BB6E30C0037AA74 /* ContentView.swift in Sources */ = {isa = PBXBuildFile; fileRef = 140A09852BB6E30C0037AA74 /* ContentView.swift */; };
		140A09882BB6E30D0037AA74 /* Assets.xcassets in Resources */ = {isa = PBXBuildFile; fileRef = 140A09872BB6E30D0037AA74 /* Assets.xcassets */; };
		140A098B2BB6E30D0037AA74 /* Preview Assets.xcassets in Resources */ = {isa = PBXBuildFile; fileRef = 140A098A2BB6E30D0037AA74 /* Preview Assets.xcassets */; };
		142C98782BB74225009D1D35 /* APIDrivers.swift in Sources */ = {isa = PBXBuildFile; fileRef = 142C98772BB74225009D1D35 /* APIDrivers.swift */; };
		142C987A2BB743B6009D1D35 /* Config.swift in Sources */ = {isa = PBXBuildFile; fileRef = 142C98792BB743B6009D1D35 /* Config.swift */; };
		142C987D2BB74AA0009D1D35 /* XMLCoder in Frameworks */ = {isa = PBXBuildFile; productRef = 142C987C2BB74AA0009D1D35 /* XMLCoder */; };
		142C987F2BB74AAC009D1D35 /* Driver.swift in Sources */ = {isa = PBXBuildFile; fileRef = 142C987E2BB74AAC009D1D35 /* Driver.swift */; };
		142C98812BB74E5B009D1D35 /* ContentViewModel.swift in Sources */ = {isa = PBXBuildFile; fileRef = 142C98802BB74E5B009D1D35 /* ContentViewModel.swift */; };
		14D79CB42BB8710F006240F0 /* MRData.swift in Sources */ = {isa = PBXBuildFile; fileRef = 14D79CB32BB8710F006240F0 /* MRData.swift */; };
/* End PBXBuildFile section */

/* Begin PBXFileReference section */
		140A09802BB6E30C0037AA74 /* F1Stats.app */ = {isa = PBXFileReference; explicitFileType = wrapper.application; includeInIndex = 0; path = F1Stats.app; sourceTree = BUILT_PRODUCTS_DIR; };
		140A09832BB6E30C0037AA74 /* F1StatsApp.swift */ = {isa = PBXFileReference; lastKnownFileType = sourcecode.swift; path = F1StatsApp.swift; sourceTree = "<group>"; };
		140A09852BB6E30C0037AA74 /* ContentView.swift */ = {isa = PBXFileReference; lastKnownFileType = sourcecode.swift; path = ContentView.swift; sourceTree = "<group>"; };
		140A09872BB6E30D0037AA74 /* Assets.xcassets */ = {isa = PBXFileReference; lastKnownFileType = folder.assetcatalog; path = Assets.xcassets; sourceTree = "<group>"; };
		140A098A2BB6E30D0037AA74 /* Preview Assets.xcassets */ = {isa = PBXFileReference; lastKnownFileType = folder.assetcatalog; path = "Preview Assets.xcassets"; sourceTree = "<group>"; };
		142C98772BB74225009D1D35 /* APIDrivers.swift */ = {isa = PBXFileReference; lastKnownFileType = sourcecode.swift; path = APIDrivers.swift; sourceTree = "<group>"; };
		142C98792BB743B6009D1D35 /* Config.swift */ = {isa = PBXFileReference; lastKnownFileType = sourcecode.swift; path = Config.swift; sourceTree = "<group>"; };
		142C987E2BB74AAC009D1D35 /* Driver.swift */ = {isa = PBXFileReference; lastKnownFileType = sourcecode.swift; path = Driver.swift; sourceTree = "<group>"; };
		142C98802BB74E5B009D1D35 /* ContentViewModel.swift */ = {isa = PBXFileReference; lastKnownFileType = sourcecode.swift; path = ContentViewModel.swift; sourceTree = "<group>"; };
		142C98822BB751C2009D1D35 /* Info.plist */ = {isa = PBXFileReference; lastKnownFileType = text.plist; path = Info.plist; sourceTree = "<group>"; };
		14D79CB32BB8710F006240F0 /* MRData.swift */ = {isa = PBXFileReference; lastKnownFileType = sourcecode.swift; path = MRData.swift; sourceTree = "<group>"; };
/* End PBXFileReference section */

/* Begin PBXFrameworksBuildPhase section */
		140A097D2BB6E30C0037AA74 /* Frameworks */ = {
			isa = PBXFrameworksBuildPhase;
			buildActionMask = 2147483647;
			files = (
				142C987D2BB74AA0009D1D35 /* XMLCoder in Frameworks */,
			);
			runOnlyForDeploymentPostprocessing = 0;
		};
/* End PBXFrameworksBuildPhase section */

/* Begin PBXGroup section */
		140A09772BB6E30C0037AA74 = {
			isa = PBXGroup;
			children = (
				140A09822BB6E30C0037AA74 /* F1Stats */,
				140A09812BB6E30C0037AA74 /* Products */,
			);
			sourceTree = "<group>";
		};
		140A09812BB6E30C0037AA74 /* Products */ = {
			isa = PBXGroup;
			children = (
				140A09802BB6E30C0037AA74 /* F1Stats.app */,
			);
			name = Products;
			sourceTree = "<group>";
		};
		140A09822BB6E30C0037AA74 /* F1Stats */ = {
			isa = PBXGroup;
			children = (
				142C98822BB751C2009D1D35 /* Info.plist */,
				142C98762BB7057B009D1D35 /* Models */,
				142C98752BB70568009D1D35 /* Service */,
				142C98742BB70561009D1D35 /* Views */,
				142C98732BB70557009D1D35 /* ViewModels */,
				140A09832BB6E30C0037AA74 /* F1StatsApp.swift */,
				140A09872BB6E30D0037AA74 /* Assets.xcassets */,
				140A09892BB6E30D0037AA74 /* Preview Content */,
				142C98792BB743B6009D1D35 /* Config.swift */,
			);
			path = F1Stats;
			sourceTree = "<group>";
		};
		140A09892BB6E30D0037AA74 /* Preview Content */ = {
			isa = PBXGroup;
			children = (
				140A098A2BB6E30D0037AA74 /* Preview Assets.xcassets */,
			);
			path = "Preview Content";
			sourceTree = "<group>";
		};
		142C98732BB70557009D1D35 /* ViewModels */ = {
			isa = PBXGroup;
			children = (
				142C98802BB74E5B009D1D35 /* ContentViewModel.swift */,
			);
			path = ViewModels;
			sourceTree = "<group>";
		};
		142C98742BB70561009D1D35 /* Views */ = {
			isa = PBXGroup;
			children = (
				140A09852BB6E30C0037AA74 /* ContentView.swift */,
			);
			path = Views;
			sourceTree = "<group>";
		};
		142C98752BB70568009D1D35 /* Service */ = {
			isa = PBXGroup;
			children = (
				142C98772BB74225009D1D35 /* APIDrivers.swift */,
			);
			path = Service;
			sourceTree = "<group>";
		};
		142C98762BB7057B009D1D35 /* Models */ = {
			isa = PBXGroup;
			children = (
				142C987E2BB74AAC009D1D35 /* Driver.swift */,
				14D79CB32BB8710F006240F0 /* MRData.swift */,
			);
			path = Models;
			sourceTree = "<group>";
		};
/* End PBXGroup section */

/* Begin PBXNativeTarget section */
		140A097F2BB6E30C0037AA74 /* F1Stats */ = {
			isa = PBXNativeTarget;
			buildConfigurationList = 140A098E2BB6E30D0037AA74 /* Build configuration list for PBXNativeTarget "F1Stats" */;
			buildPhases = (
				140A097C2BB6E30C0037AA74 /* Sources */,
				140A097D2BB6E30C0037AA74 /* Frameworks */,
				140A097E2BB6E30C0037AA74 /* Resources */,
			);
			buildRules = (
			);
			dependencies = (
			);
			name = F1Stats;
			packageProductDependencies = (
				142C987C2BB74AA0009D1D35 /* XMLCoder */,
			);
			productName = F1Stats;
			productReference = 140A09802BB6E30C0037AA74 /* F1Stats.app */;
			productType = "com.apple.product-type.application";
		};
/* End PBXNativeTarget section */

/* Begin PBXProject section */
		140A09782BB6E30C0037AA74 /* Project object */ = {
			isa = PBXProject;
			attributes = {
				BuildIndependentTargetsInParallel = 1;
				LastSwiftUpdateCheck = 1530;
				LastUpgradeCheck = 1530;
				TargetAttributes = {
					140A097F2BB6E30C0037AA74 = {
						CreatedOnToolsVersion = 15.3;
					};
				};
			};
			buildConfigurationList = 140A097B2BB6E30C0037AA74 /* Build configuration list for PBXProject "F1Stats" */;
			compatibilityVersion = "Xcode 14.0";
			developmentRegion = en;
			hasScannedForEncodings = 0;
			knownRegions = (
				en,
				Base,
			);
			mainGroup = 140A09772BB6E30C0037AA74;
			packageReferences = (
				142C987B2BB74AA0009D1D35 /* XCRemoteSwiftPackageReference "XMLCoder" */,
			);
			productRefGroup = 140A09812BB6E30C0037AA74 /* Products */;
			projectDirPath = "";
			projectRoot = "";
			targets = (
				140A097F2BB6E30C0037AA74 /* F1Stats */,
			);
		};
/* End PBXProject section */

/* Begin PBXResourcesBuildPhase section */
		140A097E2BB6E30C0037AA74 /* Resources */ = {
			isa = PBXResourcesBuildPhase;
			buildActionMask = 2147483647;
			files = (
				140A098B2BB6E30D0037AA74 /* Preview Assets.xcassets in Resources */,
				140A09882BB6E30D0037AA74 /* Assets.xcassets in Resources */,
			);
			runOnlyForDeploymentPostprocessing = 0;
		};
/* End PBXResourcesBuildPhase section */

/* Begin PBXSourcesBuildPhase section */
		140A097C2BB6E30C0037AA74 /* Sources */ = {
			isa = PBXSourcesBuildPhase;
			buildActionMask = 2147483647;
			files = (
				142C987F2BB74AAC009D1D35 /* Driver.swift in Sources */,
				140A09862BB6E30C0037AA74 /* ContentView.swift in Sources */,
				14D79CB42BB8710F006240F0 /* MRData.swift in Sources */,
				142C98812BB74E5B009D1D35 /* ContentViewModel.swift in Sources */,
				142C987A2BB743B6009D1D35 /* Config.swift in Sources */,
				142C98782BB74225009D1D35 /* APIDrivers.swift in Sources */,
				140A09842BB6E30C0037AA74 /* F1StatsApp.swift in Sources */,
			);
			runOnlyForDeploymentPostprocessing = 0;
		};
/* End PBXSourcesBuildPhase section */

/* Begin XCBuildConfiguration section */
		140A098C2BB6E30D0037AA74 /* Debug */ = {
			isa = XCBuildConfiguration;
			buildSettings = {
				ALWAYS_SEARCH_USER_PATHS = NO;
				ASSETCATALOG_COMPILER_GENERATE_SWIFT_ASSET_SYMBOL_EXTENSIONS = YES;
				CLANG_ANALYZER_NONNULL = YES;
				CLANG_ANALYZER_NUMBER_OBJECT_CONVERSION = YES_AGGRESSIVE;
				CLANG_CXX_LANGUAGE_STANDARD = "gnu++20";
				CLANG_ENABLE_MODULES = YES;
				CLANG_ENABLE_OBJC_ARC = YES;
				CLANG_ENABLE_OBJC_WEAK = YES;
				CLANG_WARN_BLOCK_CAPTURE_AUTORELEASING = YES;
				CLANG_WARN_BOOL_CONVERSION = YES;
				CLANG_WARN_COMMA = YES;
				CLANG_WARN_CONSTANT_CONVERSION = YES;
				CLANG_WARN_DEPRECATED_OBJC_IMPLEMENTATIONS = YES;
				CLANG_WARN_DIRECT_OBJC_ISA_USAGE = YES_ERROR;
				CLANG_WARN_DOCUMENTATION_COMMENTS = YES;
				CLANG_WARN_EMPTY_BODY = YES;
				CLANG_WARN_ENUM_CONVERSION = YES;
				CLANG_WARN_INFINITE_RECURSION = YES;
				CLANG_WARN_INT_CONVERSION = YES;
				CLANG_WARN_NON_LITERAL_NULL_CONVERSION = YES;
				CLANG_WARN_OBJC_IMPLICIT_RETAIN_SELF = YES;
				CLANG_WARN_OBJC_LITERAL_CONVERSION = YES;
				CLANG_WARN_OBJC_ROOT_CLASS = YES_ERROR;
				CLANG_WARN_QUOTED_INCLUDE_IN_FRAMEWORK_HEADER = YES;
				CLANG_WARN_RANGE_LOOP_ANALYSIS = YES;
				CLANG_WARN_STRICT_PROTOTYPES = YES;
				CLANG_WARN_SUSPICIOUS_MOVE = YES;
				CLANG_WARN_UNGUARDED_AVAILABILITY = YES_AGGRESSIVE;
				CLANG_WARN_UNREACHABLE_CODE = YES;
				CLANG_WARN__DUPLICATE_METHOD_MATCH = YES;
				COPY_PHASE_STRIP = NO;
				DEBUG_INFORMATION_FORMAT = dwarf;
				ENABLE_STRICT_OBJC_MSGSEND = YES;
				ENABLE_TESTABILITY = YES;
				ENABLE_USER_SCRIPT_SANDBOXING = YES;
				GCC_C_LANGUAGE_STANDARD = gnu17;
				GCC_DYNAMIC_NO_PIC = NO;
				GCC_NO_COMMON_BLOCKS = YES;
				GCC_OPTIMIZATION_LEVEL = 0;
				GCC_PREPROCESSOR_DEFINITIONS = (
					"DEBUG=1",
					"$(inherited)",
				);
				GCC_WARN_64_TO_32_BIT_CONVERSION = YES;
				GCC_WARN_ABOUT_RETURN_TYPE = YES_ERROR;
				GCC_WARN_UNDECLARED_SELECTOR = YES;
				GCC_WARN_UNINITIALIZED_AUTOS = YES_AGGRESSIVE;
				GCC_WARN_UNUSED_FUNCTION = YES;
				GCC_WARN_UNUSED_VARIABLE = YES;
				IPHONEOS_DEPLOYMENT_TARGET = 17.4;
				LOCALIZATION_PREFERS_STRING_CATALOGS = YES;
				MTL_ENABLE_DEBUG_INFO = INCLUDE_SOURCE;
				MTL_FAST_MATH = YES;
				ONLY_ACTIVE_ARCH = YES;
				SDKROOT = iphoneos;
				SWIFT_ACTIVE_COMPILATION_CONDITIONS = "DEBUG $(inherited)";
				SWIFT_OPTIMIZATION_LEVEL = "-Onone";
			};
			name = Debug;
		};
		140A098D2BB6E30D0037AA74 /* Release */ = {
			isa = XCBuildConfiguration;
			buildSettings = {
				ALWAYS_SEARCH_USER_PATHS = NO;
				ASSETCATALOG_COMPILER_GENERATE_SWIFT_ASSET_SYMBOL_EXTENSIONS = YES;
				CLANG_ANALYZER_NONNULL = YES;
				CLANG_ANALYZER_NUMBER_OBJECT_CONVERSION = YES_AGGRESSIVE;
				CLANG_CXX_LANGUAGE_STANDARD = "gnu++20";
				CLANG_ENABLE_MODULES = YES;
				CLANG_ENABLE_OBJC_ARC = YES;
				CLANG_ENABLE_OBJC_WEAK = YES;
				CLANG_WARN_BLOCK_CAPTURE_AUTORELEASING = YES;
				CLANG_WARN_BOOL_CONVERSION = YES;
				CLANG_WARN_COMMA = YES;
				CLANG_WARN_CONSTANT_CONVERSION = YES;
				CLANG_WARN_DEPRECATED_OBJC_IMPLEMENTATIONS = YES;
				CLANG_WARN_DIRECT_OBJC_ISA_USAGE = YES_ERROR;
				CLANG_WARN_DOCUMENTATION_COMMENTS = YES;
				CLANG_WARN_EMPTY_BODY = YES;
				CLANG_WARN_ENUM_CONVERSION = YES;
				CLANG_WARN_INFINITE_RECURSION = YES;
				CLANG_WARN_INT_CONVERSION = YES;
				CLANG_WARN_NON_LITERAL_NULL_CONVERSION = YES;
				CLANG_WARN_OBJC_IMPLICIT_RETAIN_SELF = YES;
				CLANG_WARN_OBJC_LITERAL_CONVERSION = YES;
				CLANG_WARN_OBJC_ROOT_CLASS = YES_ERROR;
				CLANG_WARN_QUOTED_INCLUDE_IN_FRAMEWORK_HEADER = YES;
				CLANG_WARN_RANGE_LOOP_ANALYSIS = YES;
				CLANG_WARN_STRICT_PROTOTYPES = YES;
				CLANG_WARN_SUSPICIOUS_MOVE = YES;
				CLANG_WARN_UNGUARDED_AVAILABILITY = YES_AGGRESSIVE;
				CLANG_WARN_UNREACHABLE_CODE = YES;
				CLANG_WARN__DUPLICATE_METHOD_MATCH = YES;
				COPY_PHASE_STRIP = NO;
				DEBUG_INFORMATION_FORMAT = "dwarf-with-dsym";
				ENABLE_NS_ASSERTIONS = NO;
				ENABLE_STRICT_OBJC_MSGSEND = YES;
				ENABLE_USER_SCRIPT_SANDBOXING = YES;
				GCC_C_LANGUAGE_STANDARD = gnu17;
				GCC_NO_COMMON_BLOCKS = YES;
				GCC_WARN_64_TO_32_BIT_CONVERSION = YES;
				GCC_WARN_ABOUT_RETURN_TYPE = YES_ERROR;
				GCC_WARN_UNDECLARED_SELECTOR = YES;
				GCC_WARN_UNINITIALIZED_AUTOS = YES_AGGRESSIVE;
				GCC_WARN_UNUSED_FUNCTION = YES;
				GCC_WARN_UNUSED_VARIABLE = YES;
				IPHONEOS_DEPLOYMENT_TARGET = 17.4;
				LOCALIZATION_PREFERS_STRING_CATALOGS = YES;
				MTL_ENABLE_DEBUG_INFO = NO;
				MTL_FAST_MATH = YES;
				SDKROOT = iphoneos;
				SWIFT_COMPILATION_MODE = wholemodule;
				VALIDATE_PRODUCT = YES;
			};
			name = Release;
		};
		140A098F2BB6E30D0037AA74 /* Debug */ = {
			isa = XCBuildConfiguration;
			buildSettings = {
				ASSETCATALOG_COMPILER_APPICON_NAME = AppIcon;
				ASSETCATALOG_COMPILER_GLOBAL_ACCENT_COLOR_NAME = AccentColor;
				CODE_SIGN_STYLE = Automatic;
				CURRENT_PROJECT_VERSION = 1;
				DEVELOPMENT_ASSET_PATHS = "\"F1Stats/Preview Content\"";
				ENABLE_PREVIEWS = YES;
				GENERATE_INFOPLIST_FILE = YES;
				INFOPLIST_FILE = F1Stats/Info.plist;
				INFOPLIST_KEY_UIApplicationSceneManifest_Generation = YES;
				INFOPLIST_KEY_UIApplicationSupportsIndirectInputEvents = YES;
				INFOPLIST_KEY_UILaunchScreen_Generation = YES;
				INFOPLIST_KEY_UISupportedInterfaceOrientations_iPad = "UIInterfaceOrientationPortrait UIInterfaceOrientationPortraitUpsideDown UIInterfaceOrientationLandscapeLeft UIInterfaceOrientationLandscapeRight";
				INFOPLIST_KEY_UISupportedInterfaceOrientations_iPhone = "UIInterfaceOrientationPortrait UIInterfaceOrientationLandscapeLeft UIInterfaceOrientationLandscapeRight";
				LD_RUNPATH_SEARCH_PATHS = (
					"$(inherited)",
					"@executable_path/Frameworks",
				);
				MARKETING_VERSION = 1.0;
				PRODUCT_BUNDLE_IDENTIFIER = com.gcarvalho.F1Stats;
				PRODUCT_NAME = "$(TARGET_NAME)";
				SWIFT_EMIT_LOC_STRINGS = YES;
				SWIFT_VERSION = 5.0;
				TARGETED_DEVICE_FAMILY = "1,2";
			};
			name = Debug;
		};
		140A09902BB6E30D0037AA74 /* Release */ = {
			isa = XCBuildConfiguration;
			buildSettings = {
				ASSETCATALOG_COMPILER_APPICON_NAME = AppIcon;
				ASSETCATALOG_COMPILER_GLOBAL_ACCENT_COLOR_NAME = AccentColor;
				CODE_SIGN_STYLE = Automatic;
				CURRENT_PROJECT_VERSION = 1;
				DEVELOPMENT_ASSET_PATHS = "\"F1Stats/Preview Content\"";
				ENABLE_PREVIEWS = YES;
				GENERATE_INFOPLIST_FILE = YES;
				INFOPLIST_FILE = F1Stats/Info.plist;
				INFOPLIST_KEY_UIApplicationSceneManifest_Generation = YES;
				INFOPLIST_KEY_UIApplicationSupportsIndirectInputEvents = YES;
				INFOPLIST_KEY_UILaunchScreen_Generation = YES;
				INFOPLIST_KEY_UISupportedInterfaceOrientations_iPad = "UIInterfaceOrientationPortrait UIInterfaceOrientationPortraitUpsideDown UIInterfaceOrientationLandscapeLeft UIInterfaceOrientationLandscapeRight";
				INFOPLIST_KEY_UISupportedInterfaceOrientations_iPhone = "UIInterfaceOrientationPortrait UIInterfaceOrientationLandscapeLeft UIInterfaceOrientationLandscapeRight";
				LD_RUNPATH_SEARCH_PATHS = (
					"$(inherited)",
					"@executable_path/Frameworks",
				);
				MARKETING_VERSION = 1.0;
				PRODUCT_BUNDLE_IDENTIFIER = com.gcarvalho.F1Stats;
				PRODUCT_NAME = "$(TARGET_NAME)";
				SWIFT_EMIT_LOC_STRINGS = YES;
				SWIFT_VERSION = 5.0;
				TARGETED_DEVICE_FAMILY = "1,2";
			};
			name = Release;
		};
/* End XCBuildConfiguration section */

/* Begin XCConfigurationList section */
		140A097B2BB6E30C0037AA74 /* Build configuration list for PBXProject "F1Stats" */ = {
			isa = XCConfigurationList;
			buildConfigurations = (
				140A098C2BB6E30D0037AA74 /* Debug */,
				140A098D2BB6E30D0037AA74 /* Release */,
			);
			defaultConfigurationIsVisible = 0;
			defaultConfigurationName = Release;
		};
		140A098E2BB6E30D0037AA74 /* Build configuration list for PBXNativeTarget "F1Stats" */ = {
			isa = XCConfigurationList;
			buildConfigurations = (
				140A098F2BB6E30D0037AA74 /* Debug */,
				140A09902BB6E30D0037AA74 /* Release */,
			);
			defaultConfigurationIsVisible = 0;
			defaultConfigurationName = Release;
		};
/* End XCConfigurationList section */

/* Begin XCRemoteSwiftPackageReference section */
		142C987B2BB74AA0009D1D35 /* XCRemoteSwiftPackageReference "XMLCoder" */ = {
			isa = XCRemoteSwiftPackageReference;
			repositoryURL = "https://github.com/CoreOffice/XMLCoder";
			requirement = {
				kind = upToNextMajorVersion;
				minimumVersion = 0.17.1;
			};
		};
/* End XCRemoteSwiftPackageReference section */

/* Begin XCSwiftPackageProductDependency section */
		142C987C2BB74AA0009D1D35 /* XMLCoder */ = {
			isa = XCSwiftPackageProductDependency;
			package = 142C987B2BB74AA0009D1D35 /* XCRemoteSwiftPackageReference "XMLCoder" */;
			productName = XMLCoder;
		};
/* End XCSwiftPackageProductDependency section */
	};
	rootObject = 140A09782BB6E30C0037AA74 /* Project object */;
}
